
Microsoft Visual Studio Solution File, Format Version 12.00
# Visual Studio Version 17
VisualStudioVersion = 17.13.35919.96 d17.13
MinimumVisualStudioVersion = 10.0.40219.1
Project("{FAE04EC0-301F-11D3-BF4B-00C04F79EFBC}") = "WebApiPersonKevinBarre", "WebApiPersonKevinBarre\WebApiPersonKevinBarre.csproj", "{93E14D87-D76C-42EA-90C0-5526E994C746}"
EndProject
Global
	GlobalSection(SolutionConfigurationPlatforms) = preSolution
		Debug|Any CPU = Debug|Any CPU
		Release|Any CPU = Release|Any CPU
	EndGlobalSection
	GlobalSection(ProjectConfigurationPlatforms) = postSolution
		{93E14D87-D76C-42EA-90C0-5526E994C746}.Debug|Any CPU.ActiveCfg = Debug|Any CPU
		{93E14D87-D76C-42EA-90C0-5526E994C746}.Debug|Any CPU.Build.0 = Debug|Any CPU
		{93E14D87-D76C-42EA-90C0-5526E994C746}.Release|Any CPU.ActiveCfg = Release|Any CPU
		{93E14D87-D76C-42EA-90C0-5526E994C746}.Release|Any CPU.Build.0 = Release|Any CPU
	EndGlobalSection
	GlobalSection(SolutionProperties) = preSolution
		HideSolutionNode = FALSE
	EndGlobalSection
	GlobalSection(ExtensibilityGlobals) = postSolution
		SolutionGuid = {999D975A-84E7-4445-913C-710C62E6CC43}
	EndGlobalSection
EndGlobal
